
Microsoft Visual Studio Solution File, Format Version 12.00
# Visual Studio 15
VisualStudioVersion = 15.0.28307.168
MinimumVisualStudioVersion = 10.0.40219.1
Project("{9A19103F-16F7-4668-BE54-9A1E7A4F7556}") = "AspNetCoreStreaming.Api", "AspNetCoreStreaming.Api\AspNetCoreStreaming.Api.csproj", "{5537A5D3-2DA8-4EA4-9A57-ED59AC08CBC2}"
EndProject
Project("{9A19103F-16F7-4668-BE54-9A1E7A4F7556}") = "AspNetCoreStreaming.Client", "AspNetCoreStreaming.Client\AspNetCoreStreaming.Client.csproj", "{40525DEF-2358-4E80-B8B8-40833F48478E}"
EndProject
Global
	GlobalSection(SolutionConfigurationPlatforms) = preSolution
		Debug|Any CPU = Debug|Any CPU
		Release|Any CPU = Release|Any CPU
	EndGlobalSection
	GlobalSection(ProjectConfigurationPlatforms) = postSolution
		{5537A5D3-2DA8-4EA4-9A57-ED59AC08CBC2}.Debug|Any CPU.ActiveCfg = Debug|Any CPU
		{5537A5D3-2DA8-4EA4-9A57-ED59AC08CBC2}.Debug|Any CPU.Build.0 = Debug|Any CPU
		{5537A5D3-2DA8-4EA4-9A57-ED59AC08CBC2}.Release|Any CPU.ActiveCfg = Release|Any CPU
		{5537A5D3-2DA8-4EA4-9A57-ED59AC08CBC2}.Release|Any CPU.Build.0 = Release|Any CPU
		{40525DEF-2358-4E80-B8B8-40833F48478E}.Debug|Any CPU.ActiveCfg = Debug|Any CPU
		{40525DEF-2358-4E80-B8B8-40833F48478E}.Debug|Any CPU.Build.0 = Debug|Any CPU
		{40525DEF-2358-4E80-B8B8-40833F48478E}.Release|Any CPU.ActiveCfg = Release|Any CPU
		{40525DEF-2358-4E80-B8B8-40833F48478E}.Release|Any CPU.Build.0 = Release|Any CPU
	EndGlobalSection
	GlobalSection(SolutionProperties) = preSolution
		HideSolutionNode = FALSE
	EndGlobalSection
	GlobalSection(ExtensibilityGlobals) = postSolution
		SolutionGuid = {386C5AD1-2705-49DE-86F6-1D965C5E5746}
	EndGlobalSection
EndGlobal
